// !$*UTF8*$!
{
	archiveVersion = 1;
	classes = {
	};
	objectVersion = 52;
	objects = {

/* Begin PBXBuildFile section */
		A31EEE6324AE8E74006130F0 /* SettingsView.swift in Sources */ = {isa = PBXBuildFile; fileRef = A31EEE6224AE8E74006130F0 /* SettingsView.swift */; };
		A331808124AA722F0030F054 /* NtrStream.swift in Sources */ = {isa = PBXBuildFile; fileRef = A331808024AA722F0030F054 /* NtrStream.swift */; };
		A37420D524A933DD00980EA9 /* Socket in Frameworks */ = {isa = PBXBuildFile; productRef = A37420D424A933DD00980EA9 /* Socket */; };
		A3B4C7A124A8E6E200179C97 /* NitroApp.swift in Sources */ = {isa = PBXBuildFile; fileRef = A3B4C7A024A8E6E200179C97 /* NitroApp.swift */; };
		A3B4C7A324A8E6E200179C97 /* StreamView.swift in Sources */ = {isa = PBXBuildFile; fileRef = A3B4C7A224A8E6E200179C97 /* StreamView.swift */; };
		A3B4C7A524A8E6E400179C97 /* Assets.xcassets in Resources */ = {isa = PBXBuildFile; fileRef = A3B4C7A424A8E6E400179C97 /* Assets.xcassets */; };
		A3B4C7A824A8E6E400179C97 /* Preview Assets.xcassets in Resources */ = {isa = PBXBuildFile; fileRef = A3B4C7A724A8E6E400179C97 /* Preview Assets.xcassets */; };
		A3C96D7A24B2A8750092743D /* CaptureSaver.swift in Sources */ = {isa = PBXBuildFile; fileRef = A3C96D7924B2A8750092743D /* CaptureSaver.swift */; };
		A3CECB0A24A943A800B2DC18 /* NtrConnection.swift in Sources */ = {isa = PBXBuildFile; fileRef = A3CECB0924A943A800B2DC18 /* NtrConnection.swift */; };
/* End PBXBuildFile section */

/* Begin PBXFileReference section */
		A31EEE6224AE8E74006130F0 /* SettingsView.swift */ = {isa = PBXFileReference; lastKnownFileType = sourcecode.swift; path = SettingsView.swift; sourceTree = "<group>"; };
		A331808024AA722F0030F054 /* NtrStream.swift */ = {isa = PBXFileReference; lastKnownFileType = sourcecode.swift; path = NtrStream.swift; sourceTree = "<group>"; };
		A3B4C79D24A8E6E200179C97 /* Nitro.app */ = {isa = PBXFileReference; explicitFileType = wrapper.application; includeInIndex = 0; path = Nitro.app; sourceTree = BUILT_PRODUCTS_DIR; };
		A3B4C7A024A8E6E200179C97 /* NitroApp.swift */ = {isa = PBXFileReference; lastKnownFileType = sourcecode.swift; path = NitroApp.swift; sourceTree = "<group>"; };
		A3B4C7A224A8E6E200179C97 /* StreamView.swift */ = {isa = PBXFileReference; lastKnownFileType = sourcecode.swift; path = StreamView.swift; sourceTree = "<group>"; };
		A3B4C7A424A8E6E400179C97 /* Assets.xcassets */ = {isa = PBXFileReference; lastKnownFileType = folder.assetcatalog; path = Assets.xcassets; sourceTree = "<group>"; };
		A3B4C7A724A8E6E400179C97 /* Preview Assets.xcassets */ = {isa = PBXFileReference; lastKnownFileType = folder.assetcatalog; path = "Preview Assets.xcassets"; sourceTree = "<group>"; };
		A3B4C7A924A8E6E400179C97 /* Info.plist */ = {isa = PBXFileReference; lastKnownFileType = text.plist.xml; path = Info.plist; sourceTree = "<group>"; };
		A3C96D7924B2A8750092743D /* CaptureSaver.swift */ = {isa = PBXFileReference; lastKnownFileType = sourcecode.swift; path = CaptureSaver.swift; sourceTree = "<group>"; };
		A3CECB0924A943A800B2DC18 /* NtrConnection.swift */ = {isa = PBXFileReference; lastKnownFileType = sourcecode.swift; path = NtrConnection.swift; sourceTree = "<group>"; };
/* End PBXFileReference section */

/* Begin PBXFrameworksBuildPhase section */
		A3B4C79A24A8E6E200179C97 /* Frameworks */ = {
			isa = PBXFrameworksBuildPhase;
			buildActionMask = 2147483647;
			files = (
				A37420D524A933DD00980EA9 /* Socket in Frameworks */,
			);
			runOnlyForDeploymentPostprocessing = 0;
		};
/* End PBXFrameworksBuildPhase section */

/* Begin PBXGroup section */
		A3B4C79424A8E6E200179C97 = {
			isa = PBXGroup;
			children = (
				A3B4C79F24A8E6E200179C97 /* Nitro */,
				A3B4C79E24A8E6E200179C97 /* Products */,
			);
			sourceTree = "<group>";
		};
		A3B4C79E24A8E6E200179C97 /* Products */ = {
			isa = PBXGroup;
			children = (
				A3B4C79D24A8E6E200179C97 /* Nitro.app */,
			);
			name = Products;
			sourceTree = "<group>";
		};
		A3B4C79F24A8E6E200179C97 /* Nitro */ = {
			isa = PBXGroup;
			children = (
				A3B4C7A024A8E6E200179C97 /* NitroApp.swift */,
				A3B4C7A224A8E6E200179C97 /* StreamView.swift */,
				A31EEE6224AE8E74006130F0 /* SettingsView.swift */,
				A3CECB0924A943A800B2DC18 /* NtrConnection.swift */,
				A331808024AA722F0030F054 /* NtrStream.swift */,
				A3C96D7924B2A8750092743D /* CaptureSaver.swift */,
				A3B4C7A424A8E6E400179C97 /* Assets.xcassets */,
				A3B4C7A924A8E6E400179C97 /* Info.plist */,
				A3B4C7A624A8E6E400179C97 /* Preview Content */,
			);
			path = Nitro;
			sourceTree = "<group>";
		};
		A3B4C7A624A8E6E400179C97 /* Preview Content */ = {
			isa = PBXGroup;
			children = (
				A3B4C7A724A8E6E400179C97 /* Preview Assets.xcassets */,
			);
			path = "Preview Content";
			sourceTree = "<group>";
		};
/* End PBXGroup section */

/* Begin PBXNativeTarget section */
		A3B4C79C24A8E6E200179C97 /* Nitro */ = {
			isa = PBXNativeTarget;
			buildConfigurationList = A3B4C7AC24A8E6E400179C97 /* Build configuration list for PBXNativeTarget "Nitro" */;
			buildPhases = (
				A3B4C79924A8E6E200179C97 /* Sources */,
				A3B4C79A24A8E6E200179C97 /* Frameworks */,
				A3B4C79B24A8E6E200179C97 /* Resources */,
			);
			buildRules = (
			);
			dependencies = (
			);
			name = Nitro;
			packageProductDependencies = (
				A37420D424A933DD00980EA9 /* Socket */,
			);
			productName = Nitro;
			productReference = A3B4C79D24A8E6E200179C97 /* Nitro.app */;
			productType = "com.apple.product-type.application";
		};
/* End PBXNativeTarget section */

/* Begin PBXProject section */
		A3B4C79524A8E6E200179C97 /* Project object */ = {
			isa = PBXProject;
			attributes = {
				LastSwiftUpdateCheck = 1200;
				LastUpgradeCheck = 1200;
				TargetAttributes = {
					A3B4C79C24A8E6E200179C97 = {
						CreatedOnToolsVersion = 12.0;
					};
				};
			};
			buildConfigurationList = A3B4C79824A8E6E200179C97 /* Build configuration list for PBXProject "Nitro" */;
			compatibilityVersion = "Xcode 9.3";
			developmentRegion = en;
			hasScannedForEncodings = 0;
			knownRegions = (
				en,
				Base,
			);
			mainGroup = A3B4C79424A8E6E200179C97;
			packageReferences = (
				A37420D324A933DD00980EA9 /* XCRemoteSwiftPackageReference "BlueSocket" */,
			);
			productRefGroup = A3B4C79E24A8E6E200179C97 /* Products */;
			projectDirPath = "";
			projectRoot = "";
			targets = (
				A3B4C79C24A8E6E200179C97 /* Nitro */,
			);
		};
/* End PBXProject section */

/* Begin PBXResourcesBuildPhase section */
		A3B4C79B24A8E6E200179C97 /* Resources */ = {
			isa = PBXResourcesBuildPhase;
			buildActionMask = 2147483647;
			files = (
				A3B4C7A824A8E6E400179C97 /* Preview Assets.xcassets in Resources */,
				A3B4C7A524A8E6E400179C97 /* Assets.xcassets in Resources */,
			);
			runOnlyForDeploymentPostprocessing = 0;
		};
/* End PBXResourcesBuildPhase section */

/* Begin PBXSourcesBuildPhase section */
		A3B4C79924A8E6E200179C97 /* Sources */ = {
			isa = PBXSourcesBuildPhase;
			buildActionMask = 2147483647;
			files = (
				A3CECB0A24A943A800B2DC18 /* NtrConnection.swift in Sources */,
				A31EEE6324AE8E74006130F0 /* SettingsView.swift in Sources */,
				A3C96D7A24B2A8750092743D /* CaptureSaver.swift in Sources */,
				A3B4C7A324A8E6E200179C97 /* StreamView.swift in Sources */,
				A331808124AA722F0030F054 /* NtrStream.swift in Sources */,
				A3B4C7A124A8E6E200179C97 /* NitroApp.swift in Sources */,
			);
			runOnlyForDeploymentPostprocessing = 0;
		};
/* End PBXSourcesBuildPhase section */

/* Begin XCBuildConfiguration section */
		A3B4C7AA24A8E6E400179C97 /* Debug */ = {
			isa = XCBuildConfiguration;
			buildSettings = {
				ALWAYS_SEARCH_USER_PATHS = NO;
				CLANG_ANALYZER_NONNULL = YES;
				CLANG_ANALYZER_NUMBER_OBJECT_CONVERSION = YES_AGGRESSIVE;
				CLANG_CXX_LANGUAGE_STANDARD = "gnu++14";
				CLANG_CXX_LIBRARY = "libc++";
				CLANG_ENABLE_MODULES = YES;
				CLANG_ENABLE_OBJC_ARC = YES;
				CLANG_ENABLE_OBJC_WEAK = YES;
				CLANG_WARN_BLOCK_CAPTURE_AUTORELEASING = YES;
				CLANG_WARN_BOOL_CONVERSION = YES;
				CLANG_WARN_COMMA = YES;
				CLANG_WARN_CONSTANT_CONVERSION = YES;
				CLANG_WARN_DEPRECATED_OBJC_IMPLEMENTATIONS = YES;
				CLANG_WARN_DIRECT_OBJC_ISA_USAGE = YES_ERROR;
				CLANG_WARN_DOCUMENTATION_COMMENTS = YES;
				CLANG_WARN_EMPTY_BODY = YES;
				CLANG_WARN_ENUM_CONVERSION = YES;
				CLANG_WARN_INFINITE_RECURSION = YES;
				CLANG_WARN_INT_CONVERSION = YES;
				CLANG_WARN_NON_LITERAL_NULL_CONVERSION = YES;
				CLANG_WARN_OBJC_IMPLICIT_RETAIN_SELF = YES;
				CLANG_WARN_OBJC_LITERAL_CONVERSION = YES;
				CLANG_WARN_OBJC_ROOT_CLASS = YES_ERROR;
				CLANG_WARN_QUOTED_INCLUDE_IN_FRAMEWORK_HEADER = YES;
				CLANG_WARN_RANGE_LOOP_ANALYSIS = YES;
				CLANG_WARN_STRICT_PROTOTYPES = YES;
				CLANG_WARN_SUSPICIOUS_MOVE = YES;
				CLANG_WARN_UNGUARDED_AVAILABILITY = YES_AGGRESSIVE;
				CLANG_WARN_UNREACHABLE_CODE = YES;
				CLANG_WARN__DUPLICATE_METHOD_MATCH = YES;
				COPY_PHASE_STRIP = NO;
				DEBUG_INFORMATION_FORMAT = dwarf;
				ENABLE_STRICT_OBJC_MSGSEND = YES;
				ENABLE_TESTABILITY = YES;
				GCC_C_LANGUAGE_STANDARD = gnu11;
				GCC_DYNAMIC_NO_PIC = NO;
				GCC_NO_COMMON_BLOCKS = YES;
				GCC_OPTIMIZATION_LEVEL = 0;
				GCC_PREPROCESSOR_DEFINITIONS = (
					"DEBUG=1",
					"$(inherited)",
				);
				GCC_WARN_64_TO_32_BIT_CONVERSION = YES;
				GCC_WARN_ABOUT_RETURN_TYPE = YES_ERROR;
				GCC_WARN_UNDECLARED_SELECTOR = YES;
				GCC_WARN_UNINITIALIZED_AUTOS = YES_AGGRESSIVE;
				GCC_WARN_UNUSED_FUNCTION = YES;
				GCC_WARN_UNUSED_VARIABLE = YES;
				IPHONEOS_DEPLOYMENT_TARGET = 14.0;
				MTL_ENABLE_DEBUG_INFO = INCLUDE_SOURCE;
				MTL_FAST_MATH = YES;
				ONLY_ACTIVE_ARCH = YES;
				SDKROOT = iphoneos;
				SWIFT_ACTIVE_COMPILATION_CONDITIONS = DEBUG;
				SWIFT_OPTIMIZATION_LEVEL = "-Onone";
			};
			name = Debug;
		};
		A3B4C7AB24A8E6E400179C97 /* Release */ = {
			isa = XCBuildConfiguration;
			buildSettings = {
				ALWAYS_SEARCH_USER_PATHS = NO;
				CLANG_ANALYZER_NONNULL = YES;
				CLANG_ANALYZER_NUMBER_OBJECT_CONVERSION = YES_AGGRESSIVE;
				CLANG_CXX_LANGUAGE_STANDARD = "gnu++14";
				CLANG_CXX_LIBRARY = "libc++";
				CLANG_ENABLE_MODULES = YES;
				CLANG_ENABLE_OBJC_ARC = YES;
				CLANG_ENABLE_OBJC_WEAK = YES;
				CLANG_WARN_BLOCK_CAPTURE_AUTORELEASING = YES;
				CLANG_WARN_BOOL_CONVERSION = YES;
				CLANG_WARN_COMMA = YES;
				CLANG_WARN_CONSTANT_CONVERSION = YES;
				CLANG_WARN_DEPRECATED_OBJC_IMPLEMENTATIONS = YES;
				CLANG_WARN_DIRECT_OBJC_ISA_USAGE = YES_ERROR;
				CLANG_WARN_DOCUMENTATION_COMMENTS = YES;
				CLANG_WARN_EMPTY_BODY = YES;
				CLANG_WARN_ENUM_CONVERSION = YES;
				CLANG_WARN_INFINITE_RECURSION = YES;
				CLANG_WARN_INT_CONVERSION = YES;
				CLANG_WARN_NON_LITERAL_NULL_CONVERSION = YES;
				CLANG_WARN_OBJC_IMPLICIT_RETAIN_SELF = YES;
				CLANG_WARN_OBJC_LITERAL_CONVERSION = YES;
				CLANG_WARN_OBJC_ROOT_CLASS = YES_ERROR;
				CLANG_WARN_QUOTED_INCLUDE_IN_FRAMEWORK_HEADER = YES;
				CLANG_WARN_RANGE_LOOP_ANALYSIS = YES;
				CLANG_WARN_STRICT_PROTOTYPES = YES;
				CLANG_WARN_SUSPICIOUS_MOVE = YES;
				CLANG_WARN_UNGUARDED_AVAILABILITY = YES_AGGRESSIVE;
				CLANG_WARN_UNREACHABLE_CODE = YES;
				CLANG_WARN__DUPLICATE_METHOD_MATCH = YES;
				COPY_PHASE_STRIP = NO;
				DEBUG_INFORMATION_FORMAT = "dwarf-with-dsym";
				ENABLE_NS_ASSERTIONS = NO;
				ENABLE_STRICT_OBJC_MSGSEND = YES;
				GCC_C_LANGUAGE_STANDARD = gnu11;
				GCC_NO_COMMON_BLOCKS = YES;
				GCC_WARN_64_TO_32_BIT_CONVERSION = YES;
				GCC_WARN_ABOUT_RETURN_TYPE = YES_ERROR;
				GCC_WARN_UNDECLARED_SELECTOR = YES;
				GCC_WARN_UNINITIALIZED_AUTOS = YES_AGGRESSIVE;
				GCC_WARN_UNUSED_FUNCTION = YES;
				GCC_WARN_UNUSED_VARIABLE = YES;
				IPHONEOS_DEPLOYMENT_TARGET = 14.0;
				MTL_ENABLE_DEBUG_INFO = NO;
				MTL_FAST_MATH = YES;
				SDKROOT = iphoneos;
				SWIFT_COMPILATION_MODE = wholemodule;
				SWIFT_OPTIMIZATION_LEVEL = "-O";
				VALIDATE_PRODUCT = YES;
			};
			name = Release;
		};
		A3B4C7AD24A8E6E400179C97 /* Debug */ = {
			isa = XCBuildConfiguration;
			buildSettings = {
				ASSETCATALOG_COMPILER_APPICON_NAME = AppIcon;
				ASSETCATALOG_COMPILER_GLOBAL_ACCENT_COLOR_NAME = AccentColor;
				CODE_SIGN_STYLE = Automatic;
				DEVELOPMENT_ASSET_PATHS = "\"Nitro/Preview Content\"";
				DEVELOPMENT_TEAM = 4H837K298Z;
				ENABLE_PREVIEWS = YES;
				INFOPLIST_FILE = Nitro/Info.plist;
				IPHONEOS_DEPLOYMENT_TARGET = 14.0;
				LD_RUNPATH_SEARCH_PATHS = (
					"$(inherited)",
					"@executable_path/Frameworks",
				);
				PRODUCT_BUNDLE_IDENTIFIER = wtf.lpc.Nitro;
				PRODUCT_NAME = "$(TARGET_NAME)";
				SWIFT_VERSION = 5.0;
				TARGETED_DEVICE_FAMILY = "1,2";
			};
			name = Debug;
		};
		A3B4C7AE24A8E6E400179C97 /* Release */ = {
			isa = XCBuildConfiguration;
			buildSettings = {
				ASSETCATALOG_COMPILER_APPICON_NAME = AppIcon;
				ASSETCATALOG_COMPILER_GLOBAL_ACCENT_COLOR_NAME = AccentColor;
				CODE_SIGN_STYLE = Automatic;
				DEVELOPMENT_ASSET_PATHS = "\"Nitro/Preview Content\"";
				DEVELOPMENT_TEAM = 4H837K298Z;
				ENABLE_PREVIEWS = YES;
				INFOPLIST_FILE = Nitro/Info.plist;
				IPHONEOS_DEPLOYMENT_TARGET = 14.0;
				LD_RUNPATH_SEARCH_PATHS = (
					"$(inherited)",
					"@executable_path/Frameworks",
				);
				PRODUCT_BUNDLE_IDENTIFIER = wtf.lpc.Nitro;
				PRODUCT_NAME = "$(TARGET_NAME)";
				SWIFT_VERSION = 5.0;
				TARGETED_DEVICE_FAMILY = "1,2";
			};
			name = Release;
		};
/* End XCBuildConfiguration section */

/* Begin XCConfigurationList section */
		A3B4C79824A8E6E200179C97 /* Build configuration list for PBXProject "Nitro" */ = {
			isa = XCConfigurationList;
			buildConfigurations = (
				A3B4C7AA24A8E6E400179C97 /* Debug */,
				A3B4C7AB24A8E6E400179C97 /* Release */,
			);
			defaultConfigurationIsVisible = 0;
			defaultConfigurationName = Release;
		};
		A3B4C7AC24A8E6E400179C97 /* Build configuration list for PBXNativeTarget "Nitro" */ = {
			isa = XCConfigurationList;
			buildConfigurations = (
				A3B4C7AD24A8E6E400179C97 /* Debug */,
				A3B4C7AE24A8E6E400179C97 /* Release */,
			);
			defaultConfigurationIsVisible = 0;
			defaultConfigurationName = Release;
		};
/* End XCConfigurationList section */

/* Begin XCRemoteSwiftPackageReference section */
		A37420D324A933DD00980EA9 /* XCRemoteSwiftPackageReference "BlueSocket" */ = {
			isa = XCRemoteSwiftPackageReference;
			repositoryURL = "https://github.com/IBM-Swift/BlueSocket.git";
			requirement = {
				kind = upToNextMajorVersion;
				minimumVersion = 1.0.52;
			};
		};
/* End XCRemoteSwiftPackageReference section */

/* Begin XCSwiftPackageProductDependency section */
		A37420D424A933DD00980EA9 /* Socket */ = {
			isa = XCSwiftPackageProductDependency;
			package = A37420D324A933DD00980EA9 /* XCRemoteSwiftPackageReference "BlueSocket" */;
			productName = Socket;
		};
/* End XCSwiftPackageProductDependency section */
	};
	rootObject = A3B4C79524A8E6E200179C97 /* Project object */;
}
